
Microsoft Visual Studio Solution File, Format Version 12.00
# Visual Studio Version 16
VisualStudioVersion = 16.0.31702.278
MinimumVisualStudioVersion = 10.0.40219.1
Project("{9A19103F-16F7-4668-BE54-9A1E7A4F7556}") = "BackupOrganizer", "BackupOrganizer\BackupOrganizer.csproj", "{4815C859-B688-442C-849B-996F170C4CC9}"
EndProject
Project("{9A19103F-16F7-4668-BE54-9A1E7A4F7556}") = "BackupOrganizerGUI", "BackupOrganizerGUI\BackupOrganizerGUI.csproj", "{B6DE663B-8F3D-475E-8F0F-9AC57DED12FD}"
EndProject
Global
	GlobalSection(SolutionConfigurationPlatforms) = preSolution
		Debug|Any CPU = Debug|Any CPU
		Debug|x64 = Debug|x64
		Release|Any CPU = Release|Any CPU
		Release|x64 = Release|x64
	EndGlobalSection
	GlobalSection(ProjectConfigurationPlatforms) = postSolution
		{4815C859-B688-442C-849B-996F170C4CC9}.Debug|Any CPU.ActiveCfg = Debug|Any CPU
		{4815C859-B688-442C-849B-996F170C4CC9}.Debug|Any CPU.Build.0 = Debug|Any CPU
		{4815C859-B688-442C-849B-996F170C4CC9}.Debug|x64.ActiveCfg = Debug|Any CPU
		{4815C859-B688-442C-849B-996F170C4CC9}.Debug|x64.Build.0 = Debug|Any CPU
		{4815C859-B688-442C-849B-996F170C4CC9}.Release|Any CPU.ActiveCfg = Release|Any CPU
		{4815C859-B688-442C-849B-996F170C4CC9}.Release|Any CPU.Build.0 = Release|Any CPU
		{4815C859-B688-442C-849B-996F170C4CC9}.Release|x64.ActiveCfg = Release|x64
		{4815C859-B688-442C-849B-996F170C4CC9}.Release|x64.Build.0 = Release|x64
		{B6DE663B-8F3D-475E-8F0F-9AC57DED12FD}.Debug|Any CPU.ActiveCfg = Debug|Any CPU
		{B6DE663B-8F3D-475E-8F0F-9AC57DED12FD}.Debug|Any CPU.Build.0 = Debug|Any CPU
		{B6DE663B-8F3D-475E-8F0F-9AC57DED12FD}.Debug|x64.ActiveCfg = Debug|Any CPU
		{B6DE663B-8F3D-475E-8F0F-9AC57DED12FD}.Debug|x64.Build.0 = Debug|Any CPU
		{B6DE663B-8F3D-475E-8F0F-9AC57DED12FD}.Release|Any CPU.ActiveCfg = Release|Any CPU
		{B6DE663B-8F3D-475E-8F0F-9AC57DED12FD}.Release|Any CPU.Build.0 = Release|Any CPU
		{B6DE663B-8F3D-475E-8F0F-9AC57DED12FD}.Release|x64.ActiveCfg = Release|x64
		{B6DE663B-8F3D-475E-8F0F-9AC57DED12FD}.Release|x64.Build.0 = Release|x64
	EndGlobalSection
	GlobalSection(SolutionProperties) = preSolution
		HideSolutionNode = FALSE
	EndGlobalSection
	GlobalSection(ExtensibilityGlobals) = postSolution
		SolutionGuid = {67AF4CA5-FC2F-416C-A171-044ECDC1784B}
	EndGlobalSection
EndGlobal
